{
    "_meta": {
        "hash": {
            "sha256": "a0be275e90828f1e931402e9503ac7f1dcdb44a3084785343673b6ff5ae2a7a8"
        },
        "pipfile-spec": 6,
        "requires": {
            "python_version": "3.8"
        },
        "sources": [
            {
                "name": "pypi",
                "url": "https://pypi.org/simple",
                "verify_ssl": true
            }
        ]
    },
    "default": {
        "certifi": {
            "hashes": [
                "sha256:539cc1d13202e33ca466e88b2807e29f4c13049d6d87031a3c110744495cb082",
                "sha256:92d6037539857d8206b8f6ae472e8b77db8058fec5937a1ef3f54304089edbb9"
            ],
            "markers": "python_version >= '3.6'",
            "version": "==2023.7.22"
        },
        "charset-normalizer": {
            "hashes": [
                "sha256:06cf46bdff72f58645434d467bf5228080801298fbba19fe268a01b4534467f5",
                "sha256:0c8c61fb505c7dad1d251c284e712d4e0372cef3b067f7ddf82a7fa82e1e9a93",
                "sha256:10b8dd31e10f32410751b3430996f9807fc4d1587ca69772e2aa940a82ab571a",
                "sha256:1171ef1fc5ab4693c5d151ae0fdad7f7349920eabbaca6271f95969fa0756c2d",
                "sha256:17a866d61259c7de1bdadef418a37755050ddb4b922df8b356503234fff7932c",
                "sha256:1d6bfc32a68bc0933819cfdfe45f9abc3cae3877e1d90aac7259d57e6e0f85b1",
                "sha256:1ec937546cad86d0dce5396748bf392bb7b62a9eeb8c66efac60e947697f0e58",
                "sha256:223b4d54561c01048f657fa6ce41461d5ad8ff128b9678cfe8b2ecd951e3f8a2",
                "sha256:2465aa50c9299d615d757c1c888bc6fef384b7c4aec81c05a0172b4400f98557",
                "sha256:28f512b9a33235545fbbdac6a330a510b63be278a50071a336afc1b78781b147",
                "sha256:2c092be3885a1b7899cd85ce24acedc1034199d6fca1483fa2c3a35c86e43041",
                "sha256:2c4c99f98fc3a1835af8179dcc9013f93594d0670e2fa80c83aa36346ee763d2",
                "sha256:31445f38053476a0c4e6d12b047b08ced81e2c7c712e5a1ad97bc913256f91b2",
                "sha256:31bbaba7218904d2eabecf4feec0d07469284e952a27400f23b6628439439fa7",
                "sha256:34d95638ff3613849f473afc33f65c401a89f3b9528d0d213c7037c398a51296",
                "sha256:352a88c3df0d1fa886562384b86f9a9e27563d4704ee0e9d56ec6fcd270ea690",
                "sha256:39b70a6f88eebe239fa775190796d55a33cfb6d36b9ffdd37843f7c4c1b5dc67",
                "sha256:3c66df3f41abee950d6638adc7eac4730a306b022570f71dd0bd6ba53503ab57",
                "sha256:3f70fd716855cd3b855316b226a1ac8bdb3caf4f7ea96edcccc6f484217c9597",
                "sha256:3f9bc2ce123637a60ebe819f9fccc614da1bcc05798bbbaf2dd4ec91f3e08846",
                "sha256:3fb765362688821404ad6cf86772fc54993ec11577cd5a92ac44b4c2ba52155b",
                "sha256:45f053a0ece92c734d874861ffe6e3cc92150e32136dd59ab1fb070575189c97",
                "sha256:46fb9970aa5eeca547d7aa0de5d4b124a288b42eaefac677bde805013c95725c",
                "sha256:4cb50a0335382aac15c31b61d8531bc9bb657cfd848b1d7158009472189f3d62",
                "sha256:4e12f8ee80aa35e746230a2af83e81bd6b52daa92a8afaef4fea4a2ce9b9f4fa",
                "sha256:4f3100d86dcd03c03f7e9c3fdb23d92e32abbca07e7c13ebd7ddfbcb06f5991f",
                "sha256:4f6e2a839f83a6a76854d12dbebde50e4b1afa63e27761549d006fa53e9aa80e",
                "sha256:4f861d94c2a450b974b86093c6c027888627b8082f1299dfd5a4bae8e2292821",
                "sha256:501adc5eb6cd5f40a6f77fbd90e5ab915c8fd6e8c614af2db5561e16c600d6f3",
                "sha256:520b7a142d2524f999447b3a0cf95115df81c4f33003c51a6ab637cbda9d0bf4",
                "sha256:548eefad783ed787b38cb6f9a574bd8664468cc76d1538215d510a3cd41406cb",
                "sha256:555fe186da0068d3354cdf4bbcbc609b0ecae4d04c921cc13e209eece7720727",
                "sha256:55602981b2dbf8184c098bc10287e8c245e351cd4fdcad050bd7199d5a8bf514",
                "sha256:58e875eb7016fd014c0eea46c6fa92b87b62c0cb31b9feae25cbbe62c919f54d",
                "sha256:5a3580a4fdc4ac05f9e53c57f965e3594b2f99796231380adb2baaab96e22761",
                "sha256:5b70bab78accbc672f50e878a5b73ca692f45f5b5e25c8066d748c09405e6a55",
                "sha256:5ceca5876032362ae73b83347be8b5dbd2d1faf3358deb38c9c88776779b2e2f",
                "sha256:61f1e3fb621f5420523abb71f5771a204b33c21d31e7d9d86881b2cffe92c47c",
                "sha256:633968254f8d421e70f91c6ebe71ed0ab140220469cf87a9857e21c16687c034",
                "sha256:63a6f59e2d01310f754c270e4a257426fe5a591dc487f1983b3bbe793cf6bac6",
                "sha256:63accd11149c0f9a99e3bc095bbdb5a464862d77a7e309ad5938fbc8721235ae",
                "sha256:6db3cfb9b4fcecb4390db154e75b49578c87a3b9979b40cdf90d7e4b945656e1",
                "sha256:71ef3b9be10070360f289aea4838c784f8b851be3ba58cf796262b57775c2f14",
                "sha256:7ae8e5142dcc7a49168f4055255dbcced01dc1714a90a21f87448dc8d90617d1",
                "sha256:7b6cefa579e1237ce198619b76eaa148b71894fb0d6bcf9024460f9bf30fd228",
                "sha256:800561453acdecedaac137bf09cd719c7a440b6800ec182f077bb8e7025fb708",
                "sha256:82ca51ff0fc5b641a2d4e1cc8c5ff108699b7a56d7f3ad6f6da9dbb6f0145b48",
                "sha256:851cf693fb3aaef71031237cd68699dded198657ec1e76a76eb8be58c03a5d1f",
                "sha256:854cc74367180beb327ab9d00f964f6d91da06450b0855cbbb09187bcdb02de5",
                "sha256:87071618d3d8ec8b186d53cb6e66955ef2a0e4fa63ccd3709c0c90ac5a43520f",
                "sha256:871d045d6ccc181fd863a3cd66ee8e395523ebfbc57f85f91f035f50cee8e3d4",
                "sha256:8aee051c89e13565c6bd366813c386939f8e928af93c29fda4af86d25b73d8f8",
                "sha256:8af5a8917b8af42295e86b64903156b4f110a30dca5f3b5aedea123fbd638bff",
                "sha256:8ec8ef42c6cd5856a7613dcd1eaf21e5573b2185263d87d27c8edcae33b62a61",
                "sha256:91e43805ccafa0a91831f9cd5443aa34528c0c3f2cc48c4cb3d9a7721053874b",
                "sha256:9505dc359edb6a330efcd2be825fdb73ee3e628d9010597aa1aee5aa63442e97",
                "sha256:985c7965f62f6f32bf432e2681173db41336a9c2611693247069288bcb0c7f8b",
                "sha256:9a74041ba0bfa9bc9b9bb2cd3238a6ab3b7618e759b41bd15b5f6ad958d17605",
                "sha256:9edbe6a5bf8b56a4a84533ba2b2f489d0046e755c29616ef8830f9e7d9cf5728",
                "sha256:a15c1fe6d26e83fd2e5972425a772cca158eae58b05d4a25a4e474c221053e2d",
                "sha256:a66bcdf19c1a523e41b8e9d53d0cedbfbac2e93c649a2e9502cb26c014d0980c",
                "sha256:ae4070f741f8d809075ef697877fd350ecf0b7c5837ed68738607ee0a2c572cf",
                "sha256:ae55d592b02c4349525b6ed8f74c692509e5adffa842e582c0f861751701a673",
                "sha256:b578cbe580e3b41ad17b1c428f382c814b32a6ce90f2d8e39e2e635d49e498d1",
                "sha256:b891a2f68e09c5ef989007fac11476ed33c5c9994449a4e2c3386529d703dc8b",
                "sha256:baec8148d6b8bd5cee1ae138ba658c71f5b03e0d69d5907703e3e1df96db5e41",
                "sha256:bb06098d019766ca16fc915ecaa455c1f1cd594204e7f840cd6258237b5079a8",
                "sha256:bc791ec3fd0c4309a753f95bb6c749ef0d8ea3aea91f07ee1cf06b7b02118f2f",
                "sha256:bd28b31730f0e982ace8663d108e01199098432a30a4c410d06fe08fdb9e93f4",
                "sha256:be4d9c2770044a59715eb57c1144dedea7c5d5ae80c68fb9959515037cde2008",
                "sha256:c0c72d34e7de5604df0fde3644cc079feee5e55464967d10b24b1de268deceb9",
                "sha256:c0e842112fe3f1a4ffcf64b06dc4c61a88441c2f02f373367f7b4c1aa9be2ad5",
                "sha256:c15070ebf11b8b7fd1bfff7217e9324963c82dbdf6182ff7050519e350e7ad9f",
                "sha256:c2000c54c395d9e5e44c99dc7c20a64dc371f777faf8bae4919ad3e99ce5253e",
                "sha256:c30187840d36d0ba2893bc3271a36a517a717f9fd383a98e2697ee890a37c273",
                "sha256:cb7cd68814308aade9d0c93c5bd2ade9f9441666f8ba5aa9c2d4b389cb5e2a45",
                "sha256:cd805513198304026bd379d1d516afbf6c3c13f4382134a2c526b8b854da1c2e",
                "sha256:d0bf89afcbcf4d1bb2652f6580e5e55a840fdf87384f6063c4a4f0c95e378656",
                "sha256:d9137a876020661972ca6eec0766d81aef8a5627df628b664b234b73396e727e",
                "sha256:dbd95e300367aa0827496fe75a1766d198d34385a58f97683fe6e07f89ca3e3c",
                "sha256:dced27917823df984fe0c80a5c4ad75cf58df0fbfae890bc08004cd3888922a2",
                "sha256:de0b4caa1c8a21394e8ce971997614a17648f94e1cd0640fbd6b4d14cab13a72",
                "sha256:debb633f3f7856f95ad957d9b9c781f8e2c6303ef21724ec94bea2ce2fcbd056",
                "sha256:e372d7dfd154009142631de2d316adad3cc1c36c32a38b16a4751ba78da2a397",
                "sha256:ecd26be9f112c4f96718290c10f4caea6cc798459a3a76636b817a0ed7874e42",
                "sha256:edc0202099ea1d82844316604e17d2b175044f9bcb6b398aab781eba957224bd",
                "sha256:f194cce575e59ffe442c10a360182a986535fd90b57f7debfaa5c845c409ecc3",
                "sha256:f5fb672c396d826ca16a022ac04c9dce74e00a1c344f6ad1a0fdc1ba1f332213",
                "sha256:f6a02a3c7950cafaadcd46a226ad9e12fc9744652cc69f9e5534f98b47f3bbcf",
                "sha256:fe81b35c33772e56f4b6cf62cf4aedc1762ef7162a31e6ac7fe5e40d0149eb67"
            ],
            "markers": "python_full_version >= '3.7.0'",
            "version": "==3.3.1"
        },
        "docstring-parser": {
            "hashes": [
                "sha256:48ddc093e8b1865899956fcc03b03e66bb7240c310fac5af81814580c55bf682",
                "sha256:d1679b86250d269d06a99670924d6bce45adc00b08069dae8c47d98e89b667a9"
            ],
            "markers": "python_version >= '3.6' and python_version < '4.0'",
            "version": "==0.15"
        },
        "idna": {
            "hashes": [
                "sha256:814f528e8dead7d329833b91c5faa87d60bf71824cd12a7530b5526063d02cb4",
                "sha256:90b77e79eaa3eba6de819a0c442c0b4ceefc341a7a2ab77d7562bf49f425c5c2"
            ],
            "markers": "python_version >= '3.5'",
            "version": "==3.4"
        },
        "imageio": {
            "hashes": [
                "sha256:70410af62626a4d725b726ab59138e211e222b80ddf8201c7a6561d694c6238e",
                "sha256:721f238896a9a99a77b73f06f42fc235d477d5d378cdf34dd0bee1e408b4742c"
            ],
            "markers": "python_version >= '3.8'",
            "version": "==2.31.6"
        },
        "inflection": {
            "hashes": [
                "sha256:1a29730d366e996aaacffb2f1f1cb9593dc38e2ddd30c91250c6dde09ea9b417",
                "sha256:f38b2b640938a4f35ade69ac3d053042959b62a0f1076a5bbaa1b9526605a8a2"
            ],
            "index": "pypi",
            "version": "==0.5.1"
        },
        "lazy-loader": {
            "hashes": [
                "sha256:1e9e76ee8631e264c62ce10006718e80b2cfc74340d17d1031e0f84af7478554",
                "sha256:3b68898e34f5b2a29daaaac172c6555512d0f32074f147e2254e4a6d9d838f37"
            ],
            "markers": "python_version >= '3.7'",
            "version": "==0.3"
        },
        "mypy-extensions": {
            "hashes": [
                "sha256:4392f6c0eb8a5668a69e23d168ffa70f0be9ccfd32b5cc2d26a34ae5b844552d",
                "sha256:75dbf8955dc00442a438fc4d0666508a9a97b6bd41aa2f0ffe9d2f2725af0782"
            ],
            "markers": "python_version >= '3.5'",
            "version": "==1.0.0"
        },
        "networkx": {
            "hashes": [
                "sha256:4f33f68cb2afcf86f28a45f43efc27a9386b535d567d2127f8f61d51dec58d36",
                "sha256:de346335408f84de0eada6ff9fafafff9bcda11f0a0dfaa931133debb146ab61"
            ],
            "markers": "python_version >= '3.8'",
            "version": "==3.1"
        },
        "numpy": {
            "hashes": [
                "sha256:04640dab83f7c6c85abf9cd729c5b65f1ebd0ccf9de90b270cd61935eef0197f",
                "sha256:1452241c290f3e2a312c137a9999cdbf63f78864d63c79039bda65ee86943f61",
                "sha256:222e40d0e2548690405b0b3c7b21d1169117391c2e82c378467ef9ab4c8f0da7",
                "sha256:2541312fbf09977f3b3ad449c4e5f4bb55d0dbf79226d7724211acc905049400",
                "sha256:31f13e25b4e304632a4619d0e0777662c2ffea99fcae2029556b17d8ff958aef",
                "sha256:4602244f345453db537be5314d3983dbf5834a9701b7723ec28923e2889e0bb2",
                "sha256:4979217d7de511a8d57f4b4b5b2b965f707768440c17cb70fbf254c4b225238d",
                "sha256:4c21decb6ea94057331e111a5bed9a79d335658c27ce2adb580fb4d54f2ad9bc",
                "sha256:6620c0acd41dbcb368610bb2f4d83145674040025e5536954782467100aa8835",
                "sha256:692f2e0f55794943c5bfff12b3f56f99af76f902fc47487bdfe97856de51a706",
                "sha256:7215847ce88a85ce39baf9e89070cb860c98fdddacbaa6c0da3ffb31b3350bd5",
                "sha256:79fc682a374c4a8ed08b331bef9c5f582585d1048fa6d80bc6c35bc384eee9b4",
                "sha256:7ffe43c74893dbf38c2b0a1f5428760a1a9c98285553c89e12d70a96a7f3a4d6",
                "sha256:80f5e3a4e498641401868df4208b74581206afbee7cf7b8329daae82676d9463",
                "sha256:95f7ac6540e95bc440ad77f56e520da5bf877f87dca58bd095288dce8940532a",
                "sha256:9667575fb6d13c95f1b36aca12c5ee3356bf001b714fc354eb5465ce1609e62f",
                "sha256:a5425b114831d1e77e4b5d812b69d11d962e104095a5b9c3b641a218abcc050e",
                "sha256:b4bea75e47d9586d31e892a7401f76e909712a0fd510f58f5337bea9572c571e",
                "sha256:b7b1fc9864d7d39e28f41d089bfd6353cb5f27ecd9905348c24187a768c79694",
                "sha256:befe2bf740fd8373cf56149a5c23a0f601e82869598d41f8e188a0e9869926f8",
                "sha256:c0bfb52d2169d58c1cdb8cc1f16989101639b34c7d3ce60ed70b19c63eba0b64",
                "sha256:d11efb4dbecbdf22508d55e48d9c8384db795e1b7b51ea735289ff96613ff74d",
                "sha256:dd80e219fd4c71fc3699fc1dadac5dcf4fd882bfc6f7ec53d30fa197b8ee22dc",
                "sha256:e2926dac25b313635e4d6cf4dc4e51c8c0ebfed60b801c799ffc4c32bf3d1254",
                "sha256:e98f220aa76ca2a977fe435f5b04d7b3470c0a2e6312907b37ba6068f26787f2",
                "sha256:ed094d4f0c177b1b8e7aa9cba7d6ceed51c0e569a5318ac0ca9a090680a6a1b1",
                "sha256:f136bab9c2cfd8da131132c2cf6cc27331dd6fae65f95f69dcd4ae3c3639c810",
                "sha256:f3a86ed21e4f87050382c7bc96571755193c4c1392490744ac73d660e8f564a9"
            ],
            "index": "pypi",
            "version": "==1.24.4"
        },
        "packaging": {
            "hashes": [
                "sha256:048fb0e9405036518eaaf48a55953c750c11e1a1b68e0dd1a9d62ed0c092cfc5",
                "sha256:8c491190033a9af7e1d931d0b5dacc2ef47509b34dd0de67ed209b5203fc88c7"
            ],
            "markers": "python_version >= '3.7'",
            "version": "==23.2"
        },
        "pillow": {
            "hashes": [
                "sha256:0462b1496505a3462d0f35dc1c4d7b54069747d65d00ef48e736acda2c8cbdff",
                "sha256:186f7e04248103482ea6354af6d5bcedb62941ee08f7f788a1c7707bc720c66f",
                "sha256:19e9adb3f22d4c416e7cd79b01375b17159d6990003633ff1d8377e21b7f1b21",
                "sha256:28444cb6ad49726127d6b340217f0627abc8732f1194fd5352dec5e6a0105635",
                "sha256:2872f2d7846cf39b3dbff64bc1104cc48c76145854256451d33c5faa55c04d1a",
                "sha256:2cc6b86ece42a11f16f55fe8903595eff2b25e0358dec635d0a701ac9586588f",
                "sha256:2d7e91b4379f7a76b31c2dda84ab9e20c6220488e50f7822e59dac36b0cd92b1",
                "sha256:2fa6dd2661838c66f1a5473f3b49ab610c98a128fc08afbe81b91a1f0bf8c51d",
                "sha256:32bec7423cdf25c9038fef614a853c9d25c07590e1a870ed471f47fb80b244db",
                "sha256:3855447d98cced8670aaa63683808df905e956f00348732448b5a6df67ee5849",
                "sha256:3a04359f308ebee571a3127fdb1bd01f88ba6f6fb6d087f8dd2e0d9bff43f2a7",
                "sha256:3a0d3e54ab1df9df51b914b2233cf779a5a10dfd1ce339d0421748232cea9876",
                "sha256:44e7e4587392953e5e251190a964675f61e4dae88d1e6edbe9f36d6243547ff3",
                "sha256:459307cacdd4138edee3875bbe22a2492519e060660eaf378ba3b405d1c66317",
                "sha256:4ce90f8a24e1c15465048959f1e94309dfef93af272633e8f37361b824532e91",
                "sha256:50bd5f1ebafe9362ad622072a1d2f5850ecfa44303531ff14353a4059113b12d",
                "sha256:522ff4ac3aaf839242c6f4e5b406634bfea002469656ae8358644fc6c4856a3b",
                "sha256:552912dbca585b74d75279a7570dd29fa43b6d93594abb494ebb31ac19ace6bd",
                "sha256:5d6c9049c6274c1bb565021367431ad04481ebb54872edecfcd6088d27edd6ed",
                "sha256:697a06bdcedd473b35e50a7e7506b1d8ceb832dc238a336bd6f4f5aa91a4b500",
                "sha256:71671503e3015da1b50bd18951e2f9daf5b6ffe36d16f1eb2c45711a301521a7",
                "sha256:723bd25051454cea9990203405fa6b74e043ea76d4968166dfd2569b0210886a",
                "sha256:764d2c0daf9c4d40ad12fbc0abd5da3af7f8aa11daf87e4fa1b834000f4b6b0a",
                "sha256:787bb0169d2385a798888e1122c980c6eff26bf941a8ea79747d35d8f9210ca0",
                "sha256:7f771e7219ff04b79e231d099c0a28ed83aa82af91fd5fa9fdb28f5b8d5addaf",
                "sha256:847e8d1017c741c735d3cd1883fa7b03ded4f825a6e5fcb9378fd813edee995f",
                "sha256:84efb46e8d881bb06b35d1d541aa87f574b58e87f781cbba8d200daa835b42e1",
                "sha256:898f1d306298ff40dc1b9ca24824f0488f6f039bc0e25cfb549d3195ffa17088",
                "sha256:8b451d6ead6e3500b6ce5c7916a43d8d8d25ad74b9102a629baccc0808c54971",
                "sha256:8f06be50669087250f319b706decf69ca71fdecd829091a37cc89398ca4dc17a",
                "sha256:92a23b0431941a33242b1f0ce6c88a952e09feeea9af4e8be48236a68ffe2205",
                "sha256:93139acd8109edcdeffd85e3af8ae7d88b258b3a1e13a038f542b79b6d255c54",
                "sha256:98533fd7fa764e5f85eebe56c8e4094db912ccbe6fbf3a58778d543cadd0db08",
                "sha256:9f665d1e6474af9f9da5e86c2a3a2d2d6204e04d5af9c06b9d42afa6ebde3f21",
                "sha256:b059ac2c4c7a97daafa7dc850b43b2d3667def858a4f112d1aa082e5c3d6cf7d",
                "sha256:b1be1c872b9b5fcc229adeadbeb51422a9633abd847c0ff87dc4ef9bb184ae08",
                "sha256:b7cf63d2c6928b51d35dfdbda6f2c1fddbe51a6bc4a9d4ee6ea0e11670dd981e",
                "sha256:bc2e3069569ea9dbe88d6b8ea38f439a6aad8f6e7a6283a38edf61ddefb3a9bf",
                "sha256:bcf1207e2f2385a576832af02702de104be71301c2696d0012b1b93fe34aaa5b",
                "sha256:ca26ba5767888c84bf5a0c1a32f069e8204ce8c21d00a49c90dabeba00ce0145",
                "sha256:cbe68deb8580462ca0d9eb56a81912f59eb4542e1ef8f987405e35a0179f4ea2",
                "sha256:d6caf3cd38449ec3cd8a68b375e0c6fe4b6fd04edb6c9766b55ef84a6e8ddf2d",
                "sha256:d72967b06be9300fed5cfbc8b5bafceec48bf7cdc7dab66b1d2549035287191d",
                "sha256:d889b53ae2f030f756e61a7bff13684dcd77e9af8b10c6048fb2c559d6ed6eaf",
                "sha256:de596695a75496deb3b499c8c4f8e60376e0516e1a774e7bc046f0f48cd620ad",
                "sha256:e6a90167bcca1216606223a05e2cf991bb25b14695c518bc65639463d7db722d",
                "sha256:ed2d9c0704f2dc4fa980b99d565c0c9a543fe5101c25b3d60488b8ba80f0cce1",
                "sha256:ee7810cf7c83fa227ba9125de6084e5e8b08c59038a7b2c9045ef4dde61663b4",
                "sha256:f0b4b06da13275bc02adfeb82643c4a6385bd08d26f03068c2796f60d125f6f2",
                "sha256:f11c9102c56ffb9ca87134bd025a43d2aba3f1155f508eff88f694b33a9c6d19",
                "sha256:f5bb289bb835f9fe1a1e9300d011eef4d69661bb9b34d5e196e5e82c4cb09b37",
                "sha256:f6d3d4c905e26354e8f9d82548475c46d8e0889538cb0657aa9c6f0872a37aa4",
                "sha256:fcb59711009b0168d6ee0bd8fb5eb259c4ab1717b2f538bbf36bacf207ef7a68",
                "sha256:fd2a5403a75b54661182b75ec6132437a181209b901446ee5724b589af8edef1"
            ],
            "index": "pypi",
            "version": "==10.0.1"
        },
        "protobuf": {
            "hashes": [
                "sha256:02212557a76cd99574775a81fefeba8738d0f668d6abd0c6b1d3adcc75503dbe",
                "sha256:1badab72aa8a3a2b812eacfede5020472e16c6b2212d737cefd685884c191085",
                "sha256:2fa3886dfaae6b4c5ed2730d3bf47c7a38a72b3a1f0acb4d4caf68e6874b947b",
                "sha256:5a70731910cd9104762161719c3d883c960151eea077134458503723b60e3667",
                "sha256:6b7d2e1c753715dcfe9d284a25a52d67818dd43c4932574307daf836f0071e37",
                "sha256:80797ce7424f8c8d2f2547e2d42bfbb6c08230ce5832d6c099a37335c9c90a92",
                "sha256:8e61a27f362369c2f33248a0ff6896c20dcd47b5d48239cb9720134bef6082e4",
                "sha256:9fee5e8aa20ef1b84123bb9232b3f4a5114d9897ed89b4b8142d81924e05d79b",
                "sha256:b493cb590960ff863743b9ff1452c413c2ee12b782f48beca77c8da3e2ffe9d9",
                "sha256:b77272f3e28bb416e2071186cb39efd4abbf696d682cbb5dc731308ad37fa6dd",
                "sha256:bffa46ad9612e6779d0e51ae586fde768339b791a50610d85eb162daeb23661e",
                "sha256:dbbed8a56e56cee8d9d522ce844a1379a72a70f453bde6243e3c86c30c2a3d46",
                "sha256:ec9912d5cb6714a5710e28e592ee1093d68c5ebfeda61983b3f40331da0b1ebb"
            ],
            "index": "pypi",
            "version": "==4.24.4"
        },
        "psutil": {
            "hashes": [
                "sha256:10e8c17b4f898d64b121149afb136c53ea8b68c7531155147867b7b1ac9e7e28",
                "sha256:18cd22c5db486f33998f37e2bb054cc62fd06646995285e02a51b1e08da97017",
                "sha256:3ebf2158c16cc69db777e3c7decb3c0f43a7af94a60d72e87b2823aebac3d602",
                "sha256:51dc3d54607c73148f63732c727856f5febec1c7c336f8f41fcbd6315cce76ac",
                "sha256:6e5fb8dc711a514da83098bc5234264e551ad980cec5f85dabf4d38ed6f15e9a",
                "sha256:70cb3beb98bc3fd5ac9ac617a327af7e7f826373ee64c80efd4eb2856e5051e9",
                "sha256:748c9dd2583ed86347ed65d0035f45fa8c851e8d90354c122ab72319b5f366f4",
                "sha256:91ecd2d9c00db9817a4b4192107cf6954addb5d9d67a969a4f436dbc9200f88c",
                "sha256:92e0cc43c524834af53e9d3369245e6cc3b130e78e26100d1f63cdb0abeb3d3c",
                "sha256:a6f01f03bf1843280f4ad16f4bde26b817847b4c1a0db59bf6419807bc5ce05c",
                "sha256:c69596f9fc2f8acd574a12d5f8b7b1ba3765a641ea5d60fb4736bf3c08a8214a",
                "sha256:ca2780f5e038379e520281e4c032dddd086906ddff9ef0d1b9dcf00710e5071c",
                "sha256:daecbcbd29b289aac14ece28eca6a3e60aa361754cf6da3dfb20d4d32b6c7f57",
                "sha256:e4b92ddcd7dd4cdd3f900180ea1e104932c7bce234fb88976e2a3b296441225a",
                "sha256:fb8a697f11b0f5994550555fcfe3e69799e5b060c8ecf9e2f75c69302cc35c0d",
                "sha256:ff18b8d1a784b810df0b0fff3bcb50ab941c3b8e2c8de5726f9c71c601c611aa"
            ],
            "index": "pypi",
            "version": "==5.9.6"
        },
        "py3nvml": {
            "hashes": [
                "sha256:09ee1d04598a6e664e24465f804ce3bfe119a6fdb5362df1c168f8aa929fbd73",
                "sha256:30101170d1f51419c8d21fd8ca6cdc333a552b4f8a945c2fc7d107d77e4220dd"
            ],
            "index": "pypi",
            "version": "==0.2.7"
        },
        "pywavelets": {
            "hashes": [
                "sha256:030670a213ee8fefa56f6387b0c8e7d970c7f7ad6850dc048bd7c89364771b9b",
                "sha256:058b46434eac4c04dd89aeef6fa39e4b6496a951d78c500b6641fd5b2cc2f9f4",
                "sha256:231b0e0b1cdc1112f4af3c24eea7bf181c418d37922a67670e9bf6cfa2d544d4",
                "sha256:23bafd60350b2b868076d976bdd92f950b3944f119b4754b1d7ff22b7acbf6c6",
                "sha256:3f19327f2129fb7977bc59b966b4974dfd72879c093e44a7287500a7032695de",
                "sha256:47cac4fa25bed76a45bc781a293c26ac63e8eaae9eb8f9be961758d22b58649c",
                "sha256:578af438a02a86b70f1975b546f68aaaf38f28fb082a61ceb799816049ed18aa",
                "sha256:6437af3ddf083118c26d8f97ab43b0724b956c9f958e9ea788659f6a2834ba93",
                "sha256:64c6bac6204327321db30b775060fbe8e8642316e6bff17f06b9f34936f88875",
                "sha256:67a0d28a08909f21400cb09ff62ba94c064882ffd9e3a6b27880a111211d59bd",
                "sha256:71ab30f51ee4470741bb55fc6b197b4a2b612232e30f6ac069106f0156342356",
                "sha256:7231461d7a8eb3bdc7aa2d97d9f67ea5a9f8902522818e7e2ead9c2b3408eeb1",
                "sha256:754fa5085768227c4f4a26c1e0c78bc509a266d9ebd0eb69a278be7e3ece943c",
                "sha256:7ab8d9db0fe549ab2ee0bea61f614e658dd2df419d5b75fba47baa761e95f8f2",
                "sha256:875d4d620eee655346e3589a16a73790cf9f8917abba062234439b594e706784",
                "sha256:88aa5449e109d8f5e7f0adef85f7f73b1ab086102865be64421a3a3d02d277f4",
                "sha256:91d3d393cffa634f0e550d88c0e3f217c96cfb9e32781f2960876f1808d9b45b",
                "sha256:9cb5ca8d11d3f98e89e65796a2125be98424d22e5ada360a0dbabff659fca0fc",
                "sha256:ab7da0a17822cd2f6545626946d3b82d1a8e106afc4b50e3387719ba01c7b966",
                "sha256:ad987748f60418d5f4138db89d82ba0cb49b086e0cbb8fd5c3ed4a814cfb705e",
                "sha256:d0e56cd7a53aed3cceca91a04d62feb3a0aca6725b1912d29546c26f6ea90426",
                "sha256:d854411eb5ee9cb4bc5d0e66e3634aeb8f594210f6a1bed96dbed57ec70f181c",
                "sha256:da7b9c006171be1f9ddb12cc6e0d3d703b95f7f43cb5e2c6f5f15d3233fcf202",
                "sha256:daf0aa79842b571308d7c31a9c43bc99a30b6328e6aea3f50388cd8f69ba7dbc",
                "sha256:de7cd61a88a982edfec01ea755b0740e94766e00a1ceceeafef3ed4c85c605cd"
            ],
            "markers": "python_version >= '3.8'",
            "version": "==1.4.1"
        },
        "requests": {
            "hashes": [
                "sha256:58cd2187c01e70e6e26505bca751777aa9f2ee0b7f4300988b709f44e013003f",
                "sha256:942c5a758f98d790eaed1a29cb6eefc7ffb0d1cf7af05c3d2791656dbd6ad1e1"
            ],
            "index": "pypi",
            "version": "==2.31.0"
        },
        "scikit-image": {
            "hashes": [
                "sha256:146c3824253eee9ff346c4ad10cb58376f91aefaf4a4bb2fe11aa21691f7de76",
                "sha256:1f538d4de77e4f3225d068d9ea2965bed3f7dda7f457a8f89634fa22ffb9ad8c",
                "sha256:2b0d6ed6502cca0c9719c444caafa0b8cda0f9e29e01ca42f621a240073284be",
                "sha256:4e1b09f81a99c9c390215929194847b3cd358550b4b65bb6e42c5393d69cb74a",
                "sha256:54df1ddc854f37a912d42bc724e456e86858107e94048a81a27720bc588f9937",
                "sha256:78b1e96c59cab640ca5c5b22c501524cfaf34cbe0cb51ba73bd9a9ede3fb6e1d",
                "sha256:7e40dd102da14cdadc09210f930b4556c90ff8f99cd9d8bcccf9f73a86c44245",
                "sha256:82c22e008527e5ee26ab08e3ce919998ef164d538ff30b9e5764b223cfda06b1",
                "sha256:8ef5d8d1099317b7b315b530348cbfa68ab8ce32459de3c074d204166951025c",
                "sha256:9194cb7bc21215fde6c1b1e9685d312d2aa8f65ea9736bc6311126a91c860032",
                "sha256:978ac3302252155a8556cdfe067bad2d18d5ccef4e91c2f727bc564ed75566bc",
                "sha256:9cffcddd2a5594c0a06de2ae3e1e25d662745a26f94fda31520593669677c010",
                "sha256:9f7b5fb4a22f0d5ae0fa13beeb887c925280590145cd6d8b2630794d120ff7c7",
                "sha256:a54720430dba833ffbb6dedd93d9f0938c5dd47d20ab9ba3e4e61c19d95f6f19",
                "sha256:b33e823c54e6f11873ea390ee49ef832b82b9f70752c8759efd09d5a4e3d87f0",
                "sha256:c01e3ab0a1fabfd8ce30686d4401b7ed36e6126c9d4d05cb94abf6bdc46f7ac9",
                "sha256:c6c12925ceb9f3aede555921e26642d601b2d37d1617002a2636f2cb5178ae2f",
                "sha256:d4814033717f0b6491fee252facb9df92058d6a72ab78dd6408a50f3915a88b8",
                "sha256:ec9bab6920ac43037d7434058b67b5778d42c60f67b8679239f48a471e7ed6f8",
                "sha256:fd29d2631d3e975c377066acfc1f4cb2cc95e2257cf70e7fedfcb96441096e88",
                "sha256:ff5719c7eb99596a39c3e1d9b564025bae78ecf1da3ee6842d34f6965b5f1474"
            ],
            "index": "pypi",
            "version": "==0.21.0"
        },
        "scipy": {
            "hashes": [
                "sha256:049a8bbf0ad95277ffba9b3b7d23e5369cc39e66406d60422c8cfef40ccc8415",
                "sha256:07c3457ce0b3ad5124f98a86533106b643dd811dd61b548e78cf4c8786652f6f",
                "sha256:0f1564ea217e82c1bbe75ddf7285ba0709ecd503f048cb1236ae9995f64217bd",
                "sha256:1553b5dcddd64ba9a0d95355e63fe6c3fc303a8fd77c7bc91e77d61363f7433f",
                "sha256:15a35c4242ec5f292c3dd364a7c71a61be87a3d4ddcc693372813c0b73c9af1d",
                "sha256:1b4735d6c28aad3cdcf52117e0e91d6b39acd4272f3f5cd9907c24ee931ad601",
                "sha256:2cf9dfb80a7b4589ba4c40ce7588986d6d5cebc5457cad2c2880f6bc2d42f3a5",
                "sha256:39becb03541f9e58243f4197584286e339029e8908c46f7221abeea4b749fa88",
                "sha256:43b8e0bcb877faf0abfb613d51026cd5cc78918e9530e375727bf0625c82788f",
                "sha256:4b3f429188c66603a1a5c549fb414e4d3bdc2a24792e061ffbd607d3d75fd84e",
                "sha256:4c0ff64b06b10e35215abce517252b375e580a6125fd5fdf6421b98efbefb2d2",
                "sha256:51af417a000d2dbe1ec6c372dfe688e041a7084da4fdd350aeb139bd3fb55353",
                "sha256:5678f88c68ea866ed9ebe3a989091088553ba12c6090244fdae3e467b1139c35",
                "sha256:79c8e5a6c6ffaf3a2262ef1be1e108a035cf4f05c14df56057b64acc5bebffb6",
                "sha256:7ff7f37b1bf4417baca958d254e8e2875d0cc23aaadbe65b3d5b3077b0eb23ea",
                "sha256:aaea0a6be54462ec027de54fca511540980d1e9eea68b2d5c1dbfe084797be35",
                "sha256:bce5869c8d68cf383ce240e44c1d9ae7c06078a9396df68ce88a1230f93a30c1",
                "sha256:cd9f1027ff30d90618914a64ca9b1a77a431159df0e2a195d8a9e8a04c78abf9",
                "sha256:d925fa1c81b772882aa55bcc10bf88324dadb66ff85d548c71515f6689c6dac5",
                "sha256:e7354fd7527a4b0377ce55f286805b34e8c54b91be865bac273f527e1b839019",
                "sha256:fae8a7b898c42dffe3f7361c40d5952b6bf32d10c4569098d276b4c547905ee1"
            ],
            "markers": "python_version < '3.12' and python_version >= '3.8'",
            "version": "==1.10.1"
        },
        "shapely": {
            "hashes": [
                "sha256:03e63a99dfe6bd3beb8d5f41ec2086585bb969991d603f9aeac335ad396a06d4",
                "sha256:0521d76d1e8af01e712db71da9096b484f081e539d4f4a8c97342e7971d5e1b4",
                "sha256:06f193091a7c6112fc08dfd195a1e3846a64306f890b151fa8c63b3e3624202c",
                "sha256:084b023dae8ad3d5b98acee9d3bf098fdf688eb0bb9b1401e8b075f6a627b611",
                "sha256:1713cc04c171baffc5b259ba8531c58acc2a301707b7f021d88a15ed090649e7",
                "sha256:1f217d28ecb48e593beae20a0082a95bd9898d82d14b8fcb497edf6bff9a44d7",
                "sha256:2d217e56ae067e87b4e1731d0dc62eebe887ced729ba5c2d4590e9e3e9fdbd88",
                "sha256:34eac2337cbd67650248761b140d2535855d21b969d76d76123317882d3a0c1a",
                "sha256:36480e32c434d168cdf2f5e9862c84aaf4d714a43a8465ae3ce8ff327f0affb7",
                "sha256:394e5085b49334fd5b94fa89c086edfb39c3ecab7f669e8b2a4298b9d523b3a5",
                "sha256:42997ac806e4583dad51c80a32d38570fd9a3d4778f5e2c98f9090aa7db0fe91",
                "sha256:45ac6906cff0765455a7b49c1670af6e230c419507c13e2f75db638c8fc6f3bd",
                "sha256:4ef753200cbffd4f652efb2c528c5474e5a14341a473994d90ad0606522a46a2",
                "sha256:5324be299d4c533ecfcfd43424dfd12f9428fd6f12cda38a4316da001d6ef0ea",
                "sha256:5b0c052709c8a257c93b0d4943b0b7a3035f87e2d6a8ac9407b6a992d206422f",
                "sha256:6a21353d28209fb0d8cc083e08ca53c52666e0d8a1f9bbe23b6063967d89ed24",
                "sha256:6ca8cffbe84ddde8f52b297b53f8e0687bd31141abb2c373fd8a9f032df415d6",
                "sha256:72b5997272ae8c25f0fd5b3b967b3237e87fab7978b8d6cd5fa748770f0c5d68",
                "sha256:737dba15011e5a9b54a8302f1748b62daa207c9bc06f820cd0ad32a041f1c6f2",
                "sha256:78128357a0cee573257a0c2c388d4b7bf13cb7dbe5b3fe5d26d45ebbe2a39e25",
                "sha256:794affd80ca0f2c536fc948a3afa90bd8fb61ebe37fe873483ae818e7f21def4",
                "sha256:7e92e7c255f89f5cdf777690313311f422aa8ada9a3205b187113274e0135cd8",
                "sha256:87dc2be34ac3a3a4a319b963c507ac06682978a5e6c93d71917618b14f13066e",
                "sha256:94ac128ae2ab4edd0bffcd4e566411ea7bdc738aeaf92c32a8a836abad725f9f",
                "sha256:a5533a925d8e211d07636ffc2fdd9a7f9f13d54686d00577eeb11d16f00be9c4",
                "sha256:a9a41ff4323fc9d6257759c26eb1cf3a61ebc7e611e024e6091f42977303fd3a",
                "sha256:b8eb0a92f7b8c74f9d8fdd1b40d395113f59bd8132ca1348ebcc1f5aece94b96",
                "sha256:baa14fc27771e180c06b499a0a7ba697c7988c7b2b6cba9a929a19a4d2762de3",
                "sha256:be46d5509b9251dd9087768eaf35a71360de6afac82ce87c636990a0871aa18b",
                "sha256:c6fd29fbd9cd76350bd5cc14c49de394a31770aed02d74203e23b928f3d2f1aa",
                "sha256:ccfd5fa10a37e67dbafc601c1ddbcbbfef70d34c3f6b0efc866ddbdb55893a6c",
                "sha256:d41a116fcad58048d7143ddb01285e1a8780df6dc1f56c3b1e1b7f12ed296651",
                "sha256:dc9342fc82e374130db86a955c3c4525bfbf315a248af8277a913f30911bed9e",
                "sha256:dea9a0651333cf96ef5bb2035044e3ad6a54f87d90e50fe4c2636debf1b77abc",
                "sha256:e7c95d3379ae3abb74058938a9fcbc478c6b2e28d20dace38f8b5c587dde90aa",
                "sha256:e7d897e6bdc6bc64f7f65155dbbb30e49acaabbd0d9266b9b4041f87d6e52b3a",
                "sha256:ea84d1cdbcf31e619d672b53c4532f06253894185ee7acb8ceb78f5f33cbe033",
                "sha256:ed1e99702125e7baccf401830a3b94d810d5c70b329b765fe93451fe14cf565b",
                "sha256:eebe544df5c018134f3c23b6515877f7e4cd72851f88a8d0c18464f414d141a2",
                "sha256:fa3ee28f5e63a130ec5af4dc3c4cb9c21c5788bb13c15e89190d163b14f9fb89",
                "sha256:fd3ad17b64466a033848c26cb5b509625c87d07dcf39a1541461cacdb8f7e91c"
            ],
            "index": "pypi",
            "version": "==2.0.2"
        },
        "tifffile": {
            "hashes": [
                "sha256:94dfdec321ace96abbfe872a66cfd824800c099a2db558443453eebc2c11b304",
                "sha256:c06ec460926d16796eeee249a560bcdddf243daae36ac62af3c84a953cd60b4a"
            ],
            "markers": "python_version >= '3.8'",
            "version": "==2023.7.10"
        },
        "typed-argument-parser": {
            "hashes": [
                "sha256:a3c286a6fac597da558c13b13e7090935803f43f47e46e51ed3c1d20959f47b9"
            ],
            "index": "pypi",
            "version": "==1.8.1"
        },
        "typing-extensions": {
            "hashes": [
                "sha256:8f92fc8806f9a6b641eaa5318da32b44d401efaac0f6678c9bc448ba3605faa0",
                "sha256:df8e4339e9cb77357558cbdbceca33c303714cf861d1eef15e1070055ae8b7ef"
            ],
            "index": "pypi",
            "version": "==4.8.0"
        },
        "typing-inspect": {
            "hashes": [
                "sha256:9ee6fc59062311ef8547596ab6b955e1b8aa46242d854bfc78f4f6b0eff35f9f",
                "sha256:b23fc42ff6f6ef6954e4852c1fb512cdd18dbea03134f91f856a95ccc9461f78"
            ],
            "version": "==0.9.0"
        },
        "urllib3": {
            "hashes": [
                "sha256:c97dfde1f7bd43a71c8d2a58e369e9b2bf692d1334ea9f9cae55add7d0dd0f84",
                "sha256:fdb6d215c776278489906c2f8916e6e7d4f5a9b602ccbcfdf7f016fc8da0596e"
            ],
            "markers": "python_version >= '3.7'",
            "version": "==2.0.7"
        },
        "watchdog": {
            "hashes": [
                "sha256:0e06ab8858a76e1219e68c7573dfeba9dd1c0219476c5a44d5333b01d7e1743a",
                "sha256:13bbbb462ee42ec3c5723e1205be8ced776f05b100e4737518c67c8325cf6100",
                "sha256:233b5817932685d39a7896b1090353fc8efc1ef99c9c054e46c8002561252fb8",
                "sha256:25f70b4aa53bd743729c7475d7ec41093a580528b100e9a8c5b5efe8899592fc",
                "sha256:2b57a1e730af3156d13b7fdddfc23dea6487fceca29fc75c5a868beed29177ae",
                "sha256:336adfc6f5cc4e037d52db31194f7581ff744b67382eb6021c868322e32eef41",
                "sha256:3aa7f6a12e831ddfe78cdd4f8996af9cf334fd6346531b16cec61c3b3c0d8da0",
                "sha256:3ed7c71a9dccfe838c2f0b6314ed0d9b22e77d268c67e015450a29036a81f60f",
                "sha256:4c9956d27be0bb08fc5f30d9d0179a855436e655f046d288e2bcc11adfae893c",
                "sha256:4d98a320595da7a7c5a18fc48cb633c2e73cda78f93cac2ef42d42bf609a33f9",
                "sha256:4f94069eb16657d2c6faada4624c39464f65c05606af50bb7902e036e3219be3",
                "sha256:5113334cf8cf0ac8cd45e1f8309a603291b614191c9add34d33075727a967709",
                "sha256:51f90f73b4697bac9c9a78394c3acbbd331ccd3655c11be1a15ae6fe289a8c83",
                "sha256:5d9f3a10e02d7371cd929b5d8f11e87d4bad890212ed3901f9b4d68767bee759",
                "sha256:7ade88d0d778b1b222adebcc0927428f883db07017618a5e684fd03b83342bd9",
                "sha256:7c5f84b5194c24dd573fa6472685b2a27cc5a17fe5f7b6fd40345378ca6812e3",
                "sha256:7e447d172af52ad204d19982739aa2346245cc5ba6f579d16dac4bfec226d2e7",
                "sha256:8ae9cda41fa114e28faf86cb137d751a17ffd0316d1c34ccf2235e8a84365c7f",
                "sha256:8f3ceecd20d71067c7fd4c9e832d4e22584318983cabc013dbf3f70ea95de346",
                "sha256:9fac43a7466eb73e64a9940ac9ed6369baa39b3bf221ae23493a9ec4d0022674",
                "sha256:a70a8dcde91be523c35b2bf96196edc5730edb347e374c7de7cd20c43ed95397",
                "sha256:adfdeab2da79ea2f76f87eb42a3ab1966a5313e5a69a0213a3cc06ef692b0e96",
                "sha256:ba07e92756c97e3aca0912b5cbc4e5ad802f4557212788e72a72a47ff376950d",
                "sha256:c07253088265c363d1ddf4b3cdb808d59a0468ecd017770ed716991620b8f77a",
                "sha256:c9d8c8ec7efb887333cf71e328e39cffbf771d8f8f95d308ea4125bf5f90ba64",
                "sha256:d00e6be486affb5781468457b21a6cbe848c33ef43f9ea4a73b4882e5f188a44",
                "sha256:d429c2430c93b7903914e4db9a966c7f2b068dd2ebdd2fa9b9ce094c7d459f33"
            ],
            "index": "pypi",
            "version": "==3.0.0"
        },
        "xmltodict": {
            "hashes": [
                "sha256:341595a488e3e01a85a9d8911d8912fd922ede5fecc4dce437eb4b6c8d037e56",
                "sha256:aa89e8fd76320154a40d19a0df04a4695fb9dc5ba977cbb68ab3e4eb225e7852"
            ],
            "markers": "python_version >= '3.4'",
            "version": "==0.13.0"
        }
    },
    "develop": {
        "build": {
            "hashes": [
                "sha256:538aab1b64f9828977f84bc63ae570b060a8ed1be419e7870b8b4fc5e6ea553b",
                "sha256:589bf99a67df7c9cf07ec0ac0e5e2ea5d4b37ac63301c4986d1acb126aa83f8f"
            ],
            "index": "pypi",
            "version": "==1.0.3"
        },
        "importlib-metadata": {
            "hashes": [
                "sha256:3ebb78df84a805d7698245025b975d9d67053cd94c79245ba4b3eb694abe68bb",
                "sha256:dbace7892d8c0c4ac1ad096662232f831d4e64f4c4545bd53016a3e9d4654743"
            ],
            "markers": "python_version < '3.10'",
            "version": "==6.8.0"
        },
        "mypy": {
            "hashes": [
                "sha256:19f905bcfd9e167159b3d63ecd8cb5e696151c3e59a1742e79bc3bcb540c42c7",
                "sha256:21a1ad938fee7d2d96ca666c77b7c494c3c5bd88dff792220e1afbebb2925b5e",
                "sha256:40b1844d2e8b232ed92e50a4bd11c48d2daa351f9deee6c194b83bf03e418b0c",
                "sha256:41697773aa0bf53ff917aa077e2cde7aa50254f28750f9b88884acea38a16169",
                "sha256:49ae115da099dcc0922a7a895c1eec82c1518109ea5c162ed50e3b3594c71208",
                "sha256:4c46b51de523817a0045b150ed11b56f9fff55f12b9edd0f3ed35b15a2809de0",
                "sha256:4cbe68ef919c28ea561165206a2dcb68591c50f3bcf777932323bc208d949cf1",
                "sha256:4d01c00d09a0be62a4ca3f933e315455bde83f37f892ba4b08ce92f3cf44bcc1",
                "sha256:59a0d7d24dfb26729e0a068639a6ce3500e31d6655df8557156c51c1cb874ce7",
                "sha256:68351911e85145f582b5aa6cd9ad666c8958bcae897a1bfda8f4940472463c45",
                "sha256:7274b0c57737bd3476d2229c6389b2ec9eefeb090bbaf77777e9d6b1b5a9d143",
                "sha256:81af8adaa5e3099469e7623436881eff6b3b06db5ef75e6f5b6d4871263547e5",
                "sha256:82e469518d3e9a321912955cc702d418773a2fd1e91c651280a1bda10622f02f",
                "sha256:8b27958f8c76bed8edaa63da0739d76e4e9ad4ed325c814f9b3851425582a3cd",
                "sha256:8c223fa57cb154c7eab5156856c231c3f5eace1e0bed9b32a24696b7ba3c3245",
                "sha256:8f57e6b6927a49550da3d122f0cb983d400f843a8a82e65b3b380d3d7259468f",
                "sha256:925cd6a3b7b55dfba252b7c4561892311c5358c6b5a601847015a1ad4eb7d332",
                "sha256:a43ef1c8ddfdb9575691720b6352761f3f53d85f1b57d7745701041053deff30",
                "sha256:a8032e00ce71c3ceb93eeba63963b864bf635a18f6c0c12da6c13c450eedb183",
                "sha256:b96ae2c1279d1065413965c607712006205a9ac541895004a1e0d4f281f2ff9f",
                "sha256:bb8ccb4724f7d8601938571bf3f24da0da791fe2db7be3d9e79849cb64e0ae85",
                "sha256:bbaf4662e498c8c2e352da5f5bca5ab29d378895fa2d980630656178bd607c46",
                "sha256:cfd13d47b29ed3bbaafaff7d8b21e90d827631afda134836962011acb5904b71",
                "sha256:d4473c22cc296425bbbce7e9429588e76e05bc7342da359d6520b6427bf76660",
                "sha256:d8fbb68711905f8912e5af474ca8b78d077447d8f3918997fecbf26943ff3cbb",
                "sha256:e5012e5cc2ac628177eaac0e83d622b2dd499e28253d4107a08ecc59ede3fc2c",
                "sha256:eb4f18589d196a4cbe5290b435d135dee96567e07c2b2d43b5c4621b6501531a"
            ],
            "index": "pypi",
            "version": "==1.6.1"
        },
        "mypy-extensions": {
            "hashes": [
                "sha256:4392f6c0eb8a5668a69e23d168ffa70f0be9ccfd32b5cc2d26a34ae5b844552d",
                "sha256:75dbf8955dc00442a438fc4d0666508a9a97b6bd41aa2f0ffe9d2f2725af0782"
            ],
            "markers": "python_version >= '3.5'",
            "version": "==1.0.0"
        },
        "packaging": {
            "hashes": [
                "sha256:048fb0e9405036518eaaf48a55953c750c11e1a1b68e0dd1a9d62ed0c092cfc5",
                "sha256:8c491190033a9af7e1d931d0b5dacc2ef47509b34dd0de67ed209b5203fc88c7"
            ],
            "markers": "python_version >= '3.7'",
            "version": "==23.2"
        },
        "pyproject-hooks": {
            "hashes": [
                "sha256:283c11acd6b928d2f6a7c73fa0d01cb2bdc5f07c57a2eeb6e83d5e56b97976f8",
                "sha256:f271b298b97f5955d53fb12b72c1fb1948c22c1a6b70b315c54cedaca0264ef5"
            ],
            "markers": "python_version >= '3.7'",
            "version": "==1.0.0"
        },
        "tomli": {
            "hashes": [
                "sha256:939de3e7a6161af0c887ef91b7d41a53e7c5a1ca976325f429cb46ea9bc30ecc",
                "sha256:de526c12914f0c550d15924c62d72abc48d6fe7364aa87328337a31007fe8a4f"
            ],
            "markers": "python_version < '3.11'",
            "version": "==2.0.1"
        },
        "typing-extensions": {
            "hashes": [
                "sha256:8f92fc8806f9a6b641eaa5318da32b44d401efaac0f6678c9bc448ba3605faa0",
                "sha256:df8e4339e9cb77357558cbdbceca33c303714cf861d1eef15e1070055ae8b7ef"
            ],
            "index": "pypi",
            "version": "==4.8.0"
        },
        "zipp": {
            "hashes": [
                "sha256:0e923e726174922dce09c53c59ad483ff7bbb8e572e00c7f7c46b88556409f31",
                "sha256:84e64a1c28cf7e91ed2078bb8cc8c259cb19b76942096c8d7b84947690cabaf0"
            ],
            "markers": "python_version >= '3.8'",
            "version": "==3.17.0"
        }
    }
}
